
Microsoft Visual Studio Solution File, Format Version 12.00
# Visual Studio 15
VisualStudioVersion = 15.0.28307.168
MinimumVisualStudioVersion = 10.0.40219.1
Project("{FAE04EC0-301F-11D3-BF4B-00C04F79EFBC}") = "PruebasTecnicaGabrielNicora", "PruebasTecnicaGabrielNicora\PruebasTecnicaGabrielNicora.csproj", "{5530D9C5-E3B2-4BD2-B296-2B7BD62D189F}"
EndProject
Global
	GlobalSection(SolutionConfigurationPlatforms) = preSolution
		Debug|Any CPU = Debug|Any CPU
		Release|Any CPU = Release|Any CPU
	EndGlobalSection
	GlobalSection(ProjectConfigurationPlatforms) = postSolution
		{5530D9C5-E3B2-4BD2-B296-2B7BD62D189F}.Debug|Any CPU.ActiveCfg = Debug|Any CPU
		{5530D9C5-E3B2-4BD2-B296-2B7BD62D189F}.Debug|Any CPU.Build.0 = Debug|Any CPU
		{5530D9C5-E3B2-4BD2-B296-2B7BD62D189F}.Release|Any CPU.ActiveCfg = Release|Any CPU
		{5530D9C5-E3B2-4BD2-B296-2B7BD62D189F}.Release|Any CPU.Build.0 = Release|Any CPU
	EndGlobalSection
	GlobalSection(SolutionProperties) = preSolution
		HideSolutionNode = FALSE
	EndGlobalSection
	GlobalSection(ExtensibilityGlobals) = postSolution
		SolutionGuid = {C51C81E0-0DB5-440D-90EF-3AD107658EAD}
	EndGlobalSection
EndGlobal
